// !$*UTF8*$!
{
	archiveVersion = 1;
	classes = {
	};
	objectVersion = 77;
	objects = {

/* Begin PBXBuildFile section */
		1368A1BA783EA696ACF51434 /* UnitsManager.swift in Sources */ = {isa = PBXBuildFile; fileRef = 8AB4DA070EA73AE2350881B0 /* UnitsManager.swift */; };
		1C600207E27F5E238186BA69 /* StageChip.swift in Sources */ = {isa = PBXBuildFile; fileRef = 309AA1371BB0135A3D6A89E1 /* StageChip.swift */; };
		793B9D8140E521C1387DED85 /* NewPieceSheet.swift in Sources */ = {isa = PBXBuildFile; fileRef = 31A237425ED6344D06FDFE18 /* NewPieceSheet.swift */; };
		8FB90445FBB6AE6B8F778101 /* Haptics.swift in Sources */ = {isa = PBXBuildFile; fileRef = 6E9C22F3278B11425FEBECCD /* Haptics.swift */; };
		B94A1D1F7348F368512F5578 /* VesselCover.swift in Sources */ = {isa = PBXBuildFile; fileRef = FFEBAB07C0489D7061EEB582 /* VesselCover.swift */; };
		BC24A05DE6D39BA47F4BAFBB /* PieceCard.swift in Sources */ = {isa = PBXBuildFile; fileRef = 849759C1E8B5FBBF083E3388 /* PieceCard.swift */; };
		C9AEF4092DF937A96D0FBBB4 /* PieceDetailView.swift in Sources */ = {isa = PBXBuildFile; fileRef = 2901CDBB17CD364D60231F52 /* PieceDetailView.swift */; };
		D584BD5223DBF16DB5603CB4 /* Piece.swift in Sources */ = {isa = PBXBuildFile; fileRef = D4C934EE569F8F1905A6898C /* Piece.swift */; };
		E571E3FEB8549510E06CA57E /* Palette.swift in Sources */ = {isa = PBXBuildFile; fileRef = 4F99FFCF629B7C8E97DBE30E /* Palette.swift */; };
		EEADF5029E325D320FD4D8E5 /* DashboardView.swift in Sources */ = {isa = PBXBuildFile; fileRef = 30AACAD59790FFBD26F8C7FE /* DashboardView.swift */; };
		EF48271BBF29DCDF8A1DFDBF /* SettingsSheet.swift in Sources */ = {isa = PBXBuildFile; fileRef = EB364DE96F85EF6C7F0064C7 /* SettingsSheet.swift */; };
		F23DD93E5C783F6C4724793E /* Assets.xcassets in Resources */ = {isa = PBXBuildFile; fileRef = A07430F16085FCED8BB3CE31 /* Assets.xcassets */; };
		F84CE5BFDFCDF2F3518944EF /* ClayLabApp.swift in Sources */ = {isa = PBXBuildFile; fileRef = 7A4BD02080B73764B1381FD1 /* ClayLabApp.swift */; };
/* End PBXBuildFile section */

/* Begin PBXFileReference section */
		2901CDBB17CD364D60231F52 /* PieceDetailView.swift */ = {isa = PBXFileReference; lastKnownFileType = sourcecode.swift; path = PieceDetailView.swift; sourceTree = "<group>"; };
		309AA1371BB0135A3D6A89E1 /* StageChip.swift */ = {isa = PBXFileReference; lastKnownFileType = sourcecode.swift; path = StageChip.swift; sourceTree = "<group>"; };
		30AACAD59790FFBD26F8C7FE /* DashboardView.swift */ = {isa = PBXFileReference; lastKnownFileType = sourcecode.swift; path = DashboardView.swift; sourceTree = "<group>"; };
		31A237425ED6344D06FDFE18 /* NewPieceSheet.swift */ = {isa = PBXFileReference; lastKnownFileType = sourcecode.swift; path = NewPieceSheet.swift; sourceTree = "<group>"; };
		4F99FFCF629B7C8E97DBE30E /* Palette.swift */ = {isa = PBXFileReference; lastKnownFileType = sourcecode.swift; path = Palette.swift; sourceTree = "<group>"; };
		6E9C22F3278B11425FEBECCD /* Haptics.swift */ = {isa = PBXFileReference; lastKnownFileType = sourcecode.swift; path = Haptics.swift; sourceTree = "<group>"; };
		727D7F89BA37D310D37D52BD /* ClayLab.app */ = {isa = PBXFileReference; includeInIndex = 0; lastKnownFileType = wrapper.application; path = ClayLab.app; sourceTree = BUILT_PRODUCTS_DIR; };
		7A4BD02080B73764B1381FD1 /* ClayLabApp.swift */ = {isa = PBXFileReference; lastKnownFileType = sourcecode.swift; path = ClayLabApp.swift; sourceTree = "<group>"; };
		849759C1E8B5FBBF083E3388 /* PieceCard.swift */ = {isa = PBXFileReference; lastKnownFileType = sourcecode.swift; path = PieceCard.swift; sourceTree = "<group>"; };
		8AB4DA070EA73AE2350881B0 /* UnitsManager.swift */ = {isa = PBXFileReference; lastKnownFileType = sourcecode.swift; path = UnitsManager.swift; sourceTree = "<group>"; };
		A07430F16085FCED8BB3CE31 /* Assets.xcassets */ = {isa = PBXFileReference; lastKnownFileType = folder.assetcatalog; path = Assets.xcassets; sourceTree = "<group>"; };
		D4C934EE569F8F1905A6898C /* Piece.swift */ = {isa = PBXFileReference; lastKnownFileType = sourcecode.swift; path = Piece.swift; sourceTree = "<group>"; };
		EB364DE96F85EF6C7F0064C7 /* SettingsSheet.swift */ = {isa = PBXFileReference; lastKnownFileType = sourcecode.swift; path = SettingsSheet.swift; sourceTree = "<group>"; };
		FFEBAB07C0489D7061EEB582 /* VesselCover.swift */ = {isa = PBXFileReference; lastKnownFileType = sourcecode.swift; path = VesselCover.swift; sourceTree = "<group>"; };
/* End PBXFileReference section */

/* Begin PBXGroup section */
		0CB96E46573F295F07266198 = {
			isa = PBXGroup;
			children = (
				E1979BCB5530B7F9EAC4ED48 /* ClayLab */,
				BE3E2BF7D96B0041F354E9AD /* Products */,
			);
			sourceTree = "<group>";
		};
		1ACC671BB6254A9A8B55A0C1 /* ClayLab */ = {
			isa = PBXGroup;
			children = (
				5B813964DE0EABBCD14BAAFD /* Models */,
				EE68CE2466BD4CBBA05A288F /* Services */,
				29B8984A6CBC25189E0C87BF /* Views */,
				A07430F16085FCED8BB3CE31 /* Assets.xcassets */,
				7A4BD02080B73764B1381FD1 /* ClayLabApp.swift */,
			);
			path = ClayLab;
			sourceTree = "<group>";
		};
		29B8984A6CBC25189E0C87BF /* Views */ = {
			isa = PBXGroup;
			children = (
				30AACAD59790FFBD26F8C7FE /* DashboardView.swift */,
				31A237425ED6344D06FDFE18 /* NewPieceSheet.swift */,
				849759C1E8B5FBBF083E3388 /* PieceCard.swift */,
				2901CDBB17CD364D60231F52 /* PieceDetailView.swift */,
				EB364DE96F85EF6C7F0064C7 /* SettingsSheet.swift */,
				309AA1371BB0135A3D6A89E1 /* StageChip.swift */,
				FFEBAB07C0489D7061EEB582 /* VesselCover.swift */,
			);
			path = Views;
			sourceTree = "<group>";
		};
		5B813964DE0EABBCD14BAAFD /* Models */ = {
			isa = PBXGroup;
			children = (
				D4C934EE569F8F1905A6898C /* Piece.swift */,
			);
			path = Models;
			sourceTree = "<group>";
		};
		BE3E2BF7D96B0041F354E9AD /* Products */ = {
			isa = PBXGroup;
			children = (
				727D7F89BA37D310D37D52BD /* ClayLab.app */,
			);
			name = Products;
			sourceTree = "<group>";
		};
		E1979BCB5530B7F9EAC4ED48 /* ClayLab */ = {
			isa = PBXGroup;
			children = (
				1ACC671BB6254A9A8B55A0C1 /* ClayLab */,
			);
			path = ClayLab;
			sourceTree = "<group>";
		};
		EE68CE2466BD4CBBA05A288F /* Services */ = {
			isa = PBXGroup;
			children = (
				6E9C22F3278B11425FEBECCD /* Haptics.swift */,
				4F99FFCF629B7C8E97DBE30E /* Palette.swift */,
				8AB4DA070EA73AE2350881B0 /* UnitsManager.swift */,
			);
			path = Services;
			sourceTree = "<group>";
		};
/* End PBXGroup section */

/* Begin PBXNativeTarget section */
		585FBFD4A67F5EEDFDC60006 /* ClayLab */ = {
			isa = PBXNativeTarget;
			buildConfigurationList = 3782DFFF40669BD8C39D2159 /* Build configuration list for PBXNativeTarget "ClayLab" */;
			buildPhases = (
				36EA518952D2594918DBDE1B /* Sources */,
				3CB3273974E26FBFDDC05511 /* Resources */,
			);
			buildRules = (
			);
			dependencies = (
			);
			name = ClayLab;
			packageProductDependencies = (
			);
			productName = ClayLab;
			productReference = 727D7F89BA37D310D37D52BD /* ClayLab.app */;
			productType = "com.apple.product-type.application";
		};
/* End PBXNativeTarget section */

/* Begin PBXProject section */
		C8F5248A05032139B68AA6E1 /* Project object */ = {
			isa = PBXProject;
			attributes = {
				BuildIndependentTargetsInParallel = YES;
				LastUpgradeCheck = 1430;
				TargetAttributes = {
					585FBFD4A67F5EEDFDC60006 = {
						DevelopmentTeam = 6G3Q27J6NB;
					};
				};
			};
			buildConfigurationList = 6470757DBEE9157D01D27EDD /* Build configuration list for PBXProject "ClayLab" */;
			developmentRegion = en;
			hasScannedForEncodings = 0;
			knownRegions = (
				Base,
				en,
			);
			mainGroup = 0CB96E46573F295F07266198;
			minimizedProjectReferenceProxies = 1;
			preferredProjectObjectVersion = 77;
			productRefGroup = BE3E2BF7D96B0041F354E9AD /* Products */;
			projectDirPath = "";
			projectRoot = "";
			targets = (
				585FBFD4A67F5EEDFDC60006 /* ClayLab */,
			);
		};
/* End PBXProject section */

/* Begin PBXResourcesBuildPhase section */
		3CB3273974E26FBFDDC05511 /* Resources */ = {
			isa = PBXResourcesBuildPhase;
			buildActionMask = 2147483647;
			files = (
				F23DD93E5C783F6C4724793E /* Assets.xcassets in Resources */,
			);
			runOnlyForDeploymentPostprocessing = 0;
		};
/* End PBXResourcesBuildPhase section */

/* Begin PBXSourcesBuildPhase section */
		36EA518952D2594918DBDE1B /* Sources */ = {
			isa = PBXSourcesBuildPhase;
			buildActionMask = 2147483647;
			files = (
				F84CE5BFDFCDF2F3518944EF /* ClayLabApp.swift in Sources */,
				EEADF5029E325D320FD4D8E5 /* DashboardView.swift in Sources */,
				8FB90445FBB6AE6B8F778101 /* Haptics.swift in Sources */,
				793B9D8140E521C1387DED85 /* NewPieceSheet.swift in Sources */,
				E571E3FEB8549510E06CA57E /* Palette.swift in Sources */,
				D584BD5223DBF16DB5603CB4 /* Piece.swift in Sources */,
				BC24A05DE6D39BA47F4BAFBB /* PieceCard.swift in Sources */,
				C9AEF4092DF937A96D0FBBB4 /* PieceDetailView.swift in Sources */,
				EF48271BBF29DCDF8A1DFDBF /* SettingsSheet.swift in Sources */,
				1C600207E27F5E238186BA69 /* StageChip.swift in Sources */,
				1368A1BA783EA696ACF51434 /* UnitsManager.swift in Sources */,
				B94A1D1F7348F368512F5578 /* VesselCover.swift in Sources */,
			);
			runOnlyForDeploymentPostprocessing = 0;
		};
/* End PBXSourcesBuildPhase section */

/* Begin XCBuildConfiguration section */
		2E220D1F09C5587CAF14544E /* Debug */ = {
			isa = XCBuildConfiguration;
			buildSettings = {
				ALWAYS_SEARCH_USER_PATHS = NO;
				ASSETCATALOG_COMPILER_APPICON_NAME = AppIcon;
				ASSETCATALOG_COMPILER_GLOBAL_ACCENT_COLOR_NAME = AccentColor;
				CLANG_ANALYZER_NONNULL = YES;
				CLANG_ANALYZER_NUMBER_OBJECT_CONVERSION = YES_AGGRESSIVE;
				CLANG_CXX_LANGUAGE_STANDARD = "gnu++14";
				CLANG_CXX_LIBRARY = "libc++";
				CLANG_ENABLE_MODULES = YES;
				CLANG_ENABLE_OBJC_ARC = YES;
				CLANG_ENABLE_OBJC_WEAK = YES;
				CLANG_WARN_BLOCK_CAPTURE_AUTORELEASING = YES;
				CLANG_WARN_BOOL_CONVERSION = YES;
				CLANG_WARN_COMMA = YES;
				CLANG_WARN_CONSTANT_CONVERSION = YES;
				CLANG_WARN_DEPRECATED_OBJC_IMPLEMENTATIONS = YES;
				CLANG_WARN_DIRECT_OBJC_ISA_USAGE = YES_ERROR;
				CLANG_WARN_DOCUMENTATION_COMMENTS = YES;
				CLANG_WARN_EMPTY_BODY = YES;
				CLANG_WARN_ENUM_CONVERSION = YES;
				CLANG_WARN_INFINITE_RECURSION = YES;
				CLANG_WARN_INT_CONVERSION = YES;
				CLANG_WARN_NON_LITERAL_NULL_CONVERSION = YES;
				CLANG_WARN_OBJC_IMPLICIT_RETAIN_SELF = YES;
				CLANG_WARN_OBJC_LITERAL_CONVERSION = YES;
				CLANG_WARN_OBJC_ROOT_CLASS = YES_ERROR;
				CLANG_WARN_QUOTED_INCLUDE_IN_FRAMEWORK_HEADER = YES;
				CLANG_WARN_RANGE_LOOP_ANALYSIS = YES;
				CLANG_WARN_STRICT_PROTOTYPES = YES;
				CLANG_WARN_SUSPICIOUS_MOVE = YES;
				CLANG_WARN_UNGUARDED_AVAILABILITY = YES_AGGRESSIVE;
				CLANG_WARN_UNREACHABLE_CODE = YES;
				CLANG_WARN__DUPLICATE_METHOD_MATCH = YES;
				COPY_PHASE_STRIP = NO;
				CURRENT_PROJECT_VERSION = 1;
				DEBUG_INFORMATION_FORMAT = dwarf;
				DEVELOPMENT_TEAM = 6G3Q27J6NB;
				ENABLE_STRICT_OBJC_MSGSEND = YES;
				ENABLE_TESTABILITY = YES;
				ENABLE_USER_SCRIPT_SANDBOXING = NO;
				GCC_C_LANGUAGE_STANDARD = gnu11;
				GCC_DYNAMIC_NO_PIC = NO;
				GCC_NO_COMMON_BLOCKS = YES;
				GCC_OPTIMIZATION_LEVEL = 0;
				GCC_PREPROCESSOR_DEFINITIONS = (
					"$(inherited)",
					"DEBUG=1",
				);
				GCC_WARN_64_TO_32_BIT_CONVERSION = YES;
				GCC_WARN_ABOUT_RETURN_TYPE = YES_ERROR;
				GCC_WARN_UNDECLARED_SELECTOR = YES;
				GCC_WARN_UNINITIALIZED_AUTOS = YES_AGGRESSIVE;
				GCC_WARN_UNUSED_FUNCTION = YES;
				GCC_WARN_UNUSED_VARIABLE = YES;
				IPHONEOS_DEPLOYMENT_TARGET = 17.0;
				MARKETING_VERSION = 1.0;
				MTL_ENABLE_DEBUG_INFO = INCLUDE_SOURCE;
				MTL_FAST_MATH = YES;
				ONLY_ACTIVE_ARCH = YES;
				PRODUCT_NAME = "$(TARGET_NAME)";
				SDKROOT = iphoneos;
				SWIFT_ACTIVE_COMPILATION_CONDITIONS = DEBUG;
				SWIFT_OPTIMIZATION_LEVEL = "-Onone";
				SWIFT_STRICT_CONCURRENCY = minimal;
				SWIFT_VERSION = 5.0;
				TARGETED_DEVICE_FAMILY = "1,2";
			};
			name = Debug;
		};
		53256FBB4B32BF0739DEC720 /* Debug */ = {
			isa = XCBuildConfiguration;
			buildSettings = {
				ASSETCATALOG_COMPILER_APPICON_NAME = AppIcon;
				CODE_SIGN_IDENTITY = "iPhone Developer";
				INFOPLIST_FILE = ClayLab/ClayLab/Info.plist;
				LD_RUNPATH_SEARCH_PATHS = (
					"$(inherited)",
					"@executable_path/Frameworks",
				);
				PRODUCT_BUNDLE_IDENTIFIER = com.claylab.app;
				SDKROOT = iphoneos;
				TARGETED_DEVICE_FAMILY = "1,2";
			};
			name = Debug;
		};
		B557A1712317D506B9D9D207 /* Release */ = {
			isa = XCBuildConfiguration;
			buildSettings = {
				ALWAYS_SEARCH_USER_PATHS = NO;
				ASSETCATALOG_COMPILER_APPICON_NAME = AppIcon;
				ASSETCATALOG_COMPILER_GLOBAL_ACCENT_COLOR_NAME = AccentColor;
				CLANG_ANALYZER_NONNULL = YES;
				CLANG_ANALYZER_NUMBER_OBJECT_CONVERSION = YES_AGGRESSIVE;
				CLANG_CXX_LANGUAGE_STANDARD = "gnu++14";
				CLANG_CXX_LIBRARY = "libc++";
				CLANG_ENABLE_MODULES = YES;
				CLANG_ENABLE_OBJC_ARC = YES;
				CLANG_ENABLE_OBJC_WEAK = YES;
				CLANG_WARN_BLOCK_CAPTURE_AUTORELEASING = YES;
				CLANG_WARN_BOOL_CONVERSION = YES;
				CLANG_WARN_COMMA = YES;
				CLANG_WARN_CONSTANT_CONVERSION = YES;
				CLANG_WARN_DEPRECATED_OBJC_IMPLEMENTATIONS = YES;
				CLANG_WARN_DIRECT_OBJC_ISA_USAGE = YES_ERROR;
				CLANG_WARN_DOCUMENTATION_COMMENTS = YES;
				CLANG_WARN_EMPTY_BODY = YES;
				CLANG_WARN_ENUM_CONVERSION = YES;
				CLANG_WARN_INFINITE_RECURSION = YES;
				CLANG_WARN_INT_CONVERSION = YES;
				CLANG_WARN_NON_LITERAL_NULL_CONVERSION = YES;
				CLANG_WARN_OBJC_IMPLICIT_RETAIN_SELF = YES;
				CLANG_WARN_OBJC_LITERAL_CONVERSION = YES;
				CLANG_WARN_OBJC_ROOT_CLASS = YES_ERROR;
				CLANG_WARN_QUOTED_INCLUDE_IN_FRAMEWORK_HEADER = YES;
				CLANG_WARN_RANGE_LOOP_ANALYSIS = YES;
				CLANG_WARN_STRICT_PROTOTYPES = YES;
				CLANG_WARN_SUSPICIOUS_MOVE = YES;
				CLANG_WARN_UNGUARDED_AVAILABILITY = YES_AGGRESSIVE;
				CLANG_WARN_UNREACHABLE_CODE = YES;
				CLANG_WARN__DUPLICATE_METHOD_MATCH = YES;
				COPY_PHASE_STRIP = NO;
				CURRENT_PROJECT_VERSION = 1;
				DEBUG_INFORMATION_FORMAT = "dwarf-with-dsym";
				DEVELOPMENT_TEAM = 6G3Q27J6NB;
				ENABLE_NS_ASSERTIONS = NO;
				ENABLE_STRICT_OBJC_MSGSEND = YES;
				ENABLE_USER_SCRIPT_SANDBOXING = NO;
				GCC_C_LANGUAGE_STANDARD = gnu11;
				GCC_NO_COMMON_BLOCKS = YES;
				GCC_WARN_64_TO_32_BIT_CONVERSION = YES;
				GCC_WARN_ABOUT_RETURN_TYPE = YES_ERROR;
				GCC_WARN_UNDECLARED_SELECTOR = YES;
				GCC_WARN_UNINITIALIZED_AUTOS = YES_AGGRESSIVE;
				GCC_WARN_UNUSED_FUNCTION = YES;
				GCC_WARN_UNUSED_VARIABLE = YES;
				IPHONEOS_DEPLOYMENT_TARGET = 17.0;
				MARKETING_VERSION = 1.0;
				MTL_ENABLE_DEBUG_INFO = NO;
				MTL_FAST_MATH = YES;
				PRODUCT_NAME = "$(TARGET_NAME)";
				SDKROOT = iphoneos;
				SWIFT_COMPILATION_MODE = wholemodule;
				SWIFT_OPTIMIZATION_LEVEL = "-O";
				SWIFT_STRICT_CONCURRENCY = minimal;
				SWIFT_VERSION = 5.0;
				TARGETED_DEVICE_FAMILY = "1,2";
			};
			name = Release;
		};
		FFCE9F1A77FB641AB2B894B1 /* Release */ = {
			isa = XCBuildConfiguration;
			buildSettings = {
				ASSETCATALOG_COMPILER_APPICON_NAME = AppIcon;
				CODE_SIGN_IDENTITY = "iPhone Developer";
				INFOPLIST_FILE = ClayLab/ClayLab/Info.plist;
				LD_RUNPATH_SEARCH_PATHS = (
					"$(inherited)",
					"@executable_path/Frameworks",
				);
				PRODUCT_BUNDLE_IDENTIFIER = com.claylab.app;
				SDKROOT = iphoneos;
				TARGETED_DEVICE_FAMILY = "1,2";
			};
			name = Release;
		};
/* End XCBuildConfiguration section */

/* Begin XCConfigurationList section */
		3782DFFF40669BD8C39D2159 /* Build configuration list for PBXNativeTarget "ClayLab" */ = {
			isa = XCConfigurationList;
			buildConfigurations = (
				53256FBB4B32BF0739DEC720 /* Debug */,
				FFCE9F1A77FB641AB2B894B1 /* Release */,
			);
			defaultConfigurationIsVisible = 0;
			defaultConfigurationName = Debug;
		};
		6470757DBEE9157D01D27EDD /* Build configuration list for PBXProject "ClayLab" */ = {
			isa = XCConfigurationList;
			buildConfigurations = (
				2E220D1F09C5587CAF14544E /* Debug */,
				B557A1712317D506B9D9D207 /* Release */,
			);
			defaultConfigurationIsVisible = 0;
			defaultConfigurationName = Debug;
		};
/* End XCConfigurationList section */
	};
	rootObject = C8F5248A05032139B68AA6E1 /* Project object */;
}
